
Microsoft Visual Studio Solution File, Format Version 11.00
# Visual Studio 2010
Project("{8BC9CEB8-8B4A-11D0-8D11-00A0C91BC942}") = "holsca-4a", "holsca-4a\holsca-4a.vcxproj", "{FBA53899-9725-433C-B0D4-6953657BD7C2}"
EndProject
Global
	GlobalSection(SolutionConfigurationPlatforms) = preSolution
		Debug|Win32 = Debug|Win32
		Release|Win32 = Release|Win32
	EndGlobalSection
	GlobalSection(ProjectConfigurationPlatforms) = postSolution
		{FBA53899-9725-433C-B0D4-6953657BD7C2}.Debug|Win32.ActiveCfg = Debug|Win32
		{FBA53899-9725-433C-B0D4-6953657BD7C2}.Debug|Win32.Build.0 = Debug|Win32
		{FBA53899-9725-433C-B0D4-6953657BD7C2}.Release|Win32.ActiveCfg = Release|Win32
		{FBA53899-9725-433C-B0D4-6953657BD7C2}.Release|Win32.Build.0 = Release|Win32
	EndGlobalSection
	GlobalSection(SolutionProperties) = preSolution
		HideSolutionNode = FALSE
	EndGlobalSection
EndGlobal
